
Microsoft Visual Studio Solution File, Format Version 12.00
# Visual Studio Version 17
VisualStudioVersion = 17.10.35004.147
MinimumVisualStudioVersion = 10.0.40219.1
Project("{FAE04EC0-301F-11D3-BF4B-00C04F79EFBC}") = "Insurances-backend", "Insurances-backend\Insurances-backend.csproj", "{126D4253-324D-404B-947F-7429A1598571}"
EndProject
Project("{FAE04EC0-301F-11D3-BF4B-00C04F79EFBC}") = "Dal", "Dal\Dal.csproj", "{F55CF5BE-93BB-4153-80DE-ABFBC472D069}"
EndProject
Project("{FAE04EC0-301F-11D3-BF4B-00C04F79EFBC}") = "Bl", "Bl\Bl.csproj", "{17738C06-8458-4C0A-B66D-55CFEC58FF5A}"
EndProject
Global
	GlobalSection(SolutionConfigurationPlatforms) = preSolution
		Debug|Any CPU = Debug|Any CPU
		Release|Any CPU = Release|Any CPU
	EndGlobalSection
	GlobalSection(ProjectConfigurationPlatforms) = postSolution
		{126D4253-324D-404B-947F-7429A1598571}.Debug|Any CPU.ActiveCfg = Debug|Any CPU
		{126D4253-324D-404B-947F-7429A1598571}.Debug|Any CPU.Build.0 = Debug|Any CPU
		{126D4253-324D-404B-947F-7429A1598571}.Release|Any CPU.ActiveCfg = Release|Any CPU
		{126D4253-324D-404B-947F-7429A1598571}.Release|Any CPU.Build.0 = Release|Any CPU
		{F55CF5BE-93BB-4153-80DE-ABFBC472D069}.Debug|Any CPU.ActiveCfg = Debug|Any CPU
		{F55CF5BE-93BB-4153-80DE-ABFBC472D069}.Debug|Any CPU.Build.0 = Debug|Any CPU
		{F55CF5BE-93BB-4153-80DE-ABFBC472D069}.Release|Any CPU.ActiveCfg = Release|Any CPU
		{F55CF5BE-93BB-4153-80DE-ABFBC472D069}.Release|Any CPU.Build.0 = Release|Any CPU
		{17738C06-8458-4C0A-B66D-55CFEC58FF5A}.Debug|Any CPU.ActiveCfg = Debug|Any CPU
		{17738C06-8458-4C0A-B66D-55CFEC58FF5A}.Debug|Any CPU.Build.0 = Debug|Any CPU
		{17738C06-8458-4C0A-B66D-55CFEC58FF5A}.Release|Any CPU.ActiveCfg = Release|Any CPU
		{17738C06-8458-4C0A-B66D-55CFEC58FF5A}.Release|Any CPU.Build.0 = Release|Any CPU
	EndGlobalSection
	GlobalSection(SolutionProperties) = preSolution
		HideSolutionNode = FALSE
	EndGlobalSection
	GlobalSection(ExtensibilityGlobals) = postSolution
		SolutionGuid = {1FF6757E-5761-4E0C-BF65-98E9FE0DDAFF}
	EndGlobalSection
EndGlobal
